
Microsoft Visual Studio Solution File, Format Version 12.00
# Visual Studio Version 16
VisualStudioVersion = 16.0.29920.165
MinimumVisualStudioVersion = 10.0.40219.1
Project("{FAE04EC0-301F-11D3-BF4B-00C04F79EFBC}") = "FirstCrossXamarin.Android", "FirstCrossXamarin\FirstCrossXamarin.Android\FirstCrossXamarin.Android.csproj", "{2046C7AC-9785-4AB3-824E-AB683F3848A3}"
EndProject
Project("{FAE04EC0-301F-11D3-BF4B-00C04F79EFBC}") = "FirstCrossXamarin", "FirstCrossXamarin\FirstCrossXamarin\FirstCrossXamarin.csproj", "{9DD70091-8F39-4769-97CA-25E8D6A188F2}"
EndProject
Global
	GlobalSection(SolutionConfigurationPlatforms) = preSolution
		Debug|Any CPU = Debug|Any CPU
		Release|Any CPU = Release|Any CPU
	EndGlobalSection
	GlobalSection(ProjectConfigurationPlatforms) = postSolution
		{2046C7AC-9785-4AB3-824E-AB683F3848A3}.Debug|Any CPU.ActiveCfg = Debug|Any CPU
		{2046C7AC-9785-4AB3-824E-AB683F3848A3}.Debug|Any CPU.Build.0 = Debug|Any CPU
		{2046C7AC-9785-4AB3-824E-AB683F3848A3}.Debug|Any CPU.Deploy.0 = Debug|Any CPU
		{2046C7AC-9785-4AB3-824E-AB683F3848A3}.Release|Any CPU.ActiveCfg = Release|Any CPU
		{2046C7AC-9785-4AB3-824E-AB683F3848A3}.Release|Any CPU.Build.0 = Release|Any CPU
		{2046C7AC-9785-4AB3-824E-AB683F3848A3}.Release|Any CPU.Deploy.0 = Release|Any CPU
		{9DD70091-8F39-4769-97CA-25E8D6A188F2}.Debug|Any CPU.ActiveCfg = Debug|Any CPU
		{9DD70091-8F39-4769-97CA-25E8D6A188F2}.Debug|Any CPU.Build.0 = Debug|Any CPU
		{9DD70091-8F39-4769-97CA-25E8D6A188F2}.Debug|Any CPU.Deploy.0 = Debug|Any CPU
		{9DD70091-8F39-4769-97CA-25E8D6A188F2}.Release|Any CPU.ActiveCfg = Release|Any CPU
		{9DD70091-8F39-4769-97CA-25E8D6A188F2}.Release|Any CPU.Build.0 = Release|Any CPU
		{9DD70091-8F39-4769-97CA-25E8D6A188F2}.Release|Any CPU.Deploy.0 = Release|Any CPU
	EndGlobalSection
	GlobalSection(SolutionProperties) = preSolution
		HideSolutionNode = FALSE
	EndGlobalSection
	GlobalSection(ExtensibilityGlobals) = postSolution
		SolutionGuid = {A497C3A1-A889-4D9B-8074-14566DFC6E96}
	EndGlobalSection
EndGlobal
